
Microsoft Visual Studio Solution File, Format Version 12.00
# Visual Studio Version 16
VisualStudioVersion = 16.0.30225.117
MinimumVisualStudioVersion = 10.0.40219.1
Project("{FAE04EC0-301F-11D3-BF4B-00C04F79EFBC}") = "CLICK_SOUND", "CLICK_SOUND\CLICK_SOUND.csproj", "{9F4CFCD1-BB25-4ED2-A3DE-D2FAFD2BF5A3}"
EndProject
Global
	GlobalSection(SolutionConfigurationPlatforms) = preSolution
		Debug|Any CPU = Debug|Any CPU
		Release_new|Any CPU = Release_new|Any CPU
		Release|Any CPU = Release|Any CPU
	EndGlobalSection
	GlobalSection(ProjectConfigurationPlatforms) = postSolution
		{9F4CFCD1-BB25-4ED2-A3DE-D2FAFD2BF5A3}.Debug|Any CPU.ActiveCfg = Debug|Any CPU
		{9F4CFCD1-BB25-4ED2-A3DE-D2FAFD2BF5A3}.Debug|Any CPU.Build.0 = Debug|Any CPU
		{9F4CFCD1-BB25-4ED2-A3DE-D2FAFD2BF5A3}.Release_new|Any CPU.ActiveCfg = Release_new|Any CPU
		{9F4CFCD1-BB25-4ED2-A3DE-D2FAFD2BF5A3}.Release_new|Any CPU.Build.0 = Release_new|Any CPU
		{9F4CFCD1-BB25-4ED2-A3DE-D2FAFD2BF5A3}.Release|Any CPU.ActiveCfg = Release|Any CPU
		{9F4CFCD1-BB25-4ED2-A3DE-D2FAFD2BF5A3}.Release|Any CPU.Build.0 = Release|Any CPU
	EndGlobalSection
	GlobalSection(SolutionProperties) = preSolution
		HideSolutionNode = FALSE
	EndGlobalSection
	GlobalSection(ExtensibilityGlobals) = postSolution
		SolutionGuid = {4097C2D4-9877-407D-B8F7-C5CE35DF5C54}
	EndGlobalSection
EndGlobal
